
Microsoft Visual Studio Solution File, Format Version 12.00
# Visual Studio Version 17
VisualStudioVersion = 17.5.002.0
MinimumVisualStudioVersion = 10.0.40219.1
Project("{9A19103F-16F7-4668-BE54-9A1E7A4F7556}") = "assignment3bad", "assignment3bad.csproj", "{BC00D591-DE5A-4FC5-9241-36DD3CE6D6F6}"
EndProject
Global
	GlobalSection(SolutionConfigurationPlatforms) = preSolution
		Debug|Any CPU = Debug|Any CPU
		Release|Any CPU = Release|Any CPU
	EndGlobalSection
	GlobalSection(ProjectConfigurationPlatforms) = postSolution
		{BC00D591-DE5A-4FC5-9241-36DD3CE6D6F6}.Debug|Any CPU.ActiveCfg = Debug|Any CPU
		{BC00D591-DE5A-4FC5-9241-36DD3CE6D6F6}.Debug|Any CPU.Build.0 = Debug|Any CPU
		{BC00D591-DE5A-4FC5-9241-36DD3CE6D6F6}.Release|Any CPU.ActiveCfg = Release|Any CPU
		{BC00D591-DE5A-4FC5-9241-36DD3CE6D6F6}.Release|Any CPU.Build.0 = Release|Any CPU
	EndGlobalSection
	GlobalSection(SolutionProperties) = preSolution
		HideSolutionNode = FALSE
	EndGlobalSection
	GlobalSection(ExtensibilityGlobals) = postSolution
		SolutionGuid = {B4C301FD-AB48-4E2D-BBE2-46CD8EB4892C}
	EndGlobalSection
EndGlobal
